lockfileVersion: '9.0'

settings:
  autoInstallPeers: true
  excludeLinksFromLockfile: false

importers:

  .:
    devDependencies:
      prettier:
        specifier: ^3.0.3
        version: 3.3.3
      prettier-plugin-solidity:
        specifier: ^1.3.1
        version: 1.4.1(prettier@3.3.3)

packages:

  '@solidity-parser/parser@0.18.0':
    resolution: {integrity: sha512-yfORGUIPgLck41qyN7nbwJRAx17/jAIXCTanHOJZhB6PJ1iAk/84b/xlsVKFSyNyLXIj0dhppoE0+CRws7wlzA==}

  prettier-plugin-solidity@1.4.1:
    resolution: {integrity: sha512-Mq8EtfacVZ/0+uDKTtHZGW3Aa7vEbX/BNx63hmVg6YTiTXSiuKP0amj0G6pGwjmLaOfymWh3QgXEZkjQbU8QRg==}
    engines: {node: '>=16'}
    peerDependencies:
      prettier: '>=2.3.0'

  prettier@3.3.3:
    resolution: {integrity: sha512-i2tDNA0O5IrMO757lfrdQZCc2jPNDVntV0m/+4whiDfWaTKfMNgR7Qz0NAeGz/nRqF4m5/6CLzbP4/liHt12Ew==}
    engines: {node: '>=14'}
    hasBin: true

  semver@7.6.3:
    resolution: {integrity: sha512-oVekP1cKtI+CTDvHWYFUcMtsK/00wmAEfyqKfNdARm8u1wNVhSgaX7A8d4UuIlUI5e84iEwOhs7ZPYRmzU9U6A==}
    engines: {node: '>=10'}
    hasBin: true

snapshots:

  '@solidity-parser/parser@0.18.0': {}

  prettier-plugin-solidity@1.4.1(prettier@3.3.3):
    dependencies:
      '@solidity-parser/parser': 0.18.0
      prettier: 3.3.3
      semver: 7.6.3

  prettier@3.3.3: {}

  semver@7.6.3: {}
